
Microsoft Visual Studio Solution File, Format Version 12.00
# Visual Studio Version 17
VisualStudioVersion = 17.6.33815.320
MinimumVisualStudioVersion = 10.0.40219.1
Project("{FAE04EC0-301F-11D3-BF4B-00C04F79EFBC}") = "UI", "UI\UI.csproj", "{C0DCBC85-52B3-4B43-84AA-845D6A34172E}"
EndProject
Project("{FAE04EC0-301F-11D3-BF4B-00C04F79EFBC}") = "BLL", "BLL\BLL.csproj", "{FFCA74B2-D360-44E7-B6A9-038221230346}"
EndProject
Project("{FAE04EC0-301F-11D3-BF4B-00C04F79EFBC}") = "DAL", "DAL\DAL.csproj", "{6727C5F6-5EA5-4E70-B5DD-8D5BFCB29686}"
EndProject
Global
	GlobalSection(SolutionConfigurationPlatforms) = preSolution
		Debug|Any CPU = Debug|Any CPU
		Release|Any CPU = Release|Any CPU
	EndGlobalSection
	GlobalSection(ProjectConfigurationPlatforms) = postSolution
		{C0DCBC85-52B3-4B43-84AA-845D6A34172E}.Debug|Any CPU.ActiveCfg = Debug|Any CPU
		{C0DCBC85-52B3-4B43-84AA-845D6A34172E}.Debug|Any CPU.Build.0 = Debug|Any CPU
		{C0DCBC85-52B3-4B43-84AA-845D6A34172E}.Release|Any CPU.ActiveCfg = Release|Any CPU
		{C0DCBC85-52B3-4B43-84AA-845D6A34172E}.Release|Any CPU.Build.0 = Release|Any CPU
		{FFCA74B2-D360-44E7-B6A9-038221230346}.Debug|Any CPU.ActiveCfg = Debug|Any CPU
		{FFCA74B2-D360-44E7-B6A9-038221230346}.Debug|Any CPU.Build.0 = Debug|Any CPU
		{FFCA74B2-D360-44E7-B6A9-038221230346}.Release|Any CPU.ActiveCfg = Release|Any CPU
		{FFCA74B2-D360-44E7-B6A9-038221230346}.Release|Any CPU.Build.0 = Release|Any CPU
		{6727C5F6-5EA5-4E70-B5DD-8D5BFCB29686}.Debug|Any CPU.ActiveCfg = Debug|Any CPU
		{6727C5F6-5EA5-4E70-B5DD-8D5BFCB29686}.Debug|Any CPU.Build.0 = Debug|Any CPU
		{6727C5F6-5EA5-4E70-B5DD-8D5BFCB29686}.Release|Any CPU.ActiveCfg = Release|Any CPU
		{6727C5F6-5EA5-4E70-B5DD-8D5BFCB29686}.Release|Any CPU.Build.0 = Release|Any CPU
	EndGlobalSection
	GlobalSection(SolutionProperties) = preSolution
		HideSolutionNode = FALSE
	EndGlobalSection
	GlobalSection(ExtensibilityGlobals) = postSolution
		SolutionGuid = {12467FCD-13F1-4D45-B781-CE53043F5425}
	EndGlobalSection
EndGlobal
